dependencies:
- name: mysql
  repository: https://kubernetes-charts.storage.googleapis.com
  version: 1.6.3
- name: redis
  repository: https://charts.bitnami.com/bitnami
  version: 10.6.13
- name: elasticsearch
  repository: https://helm.elastic.co
  version: 7.7.0
- name: kibana
  repository: https://helm.elastic.co
  version: 7.7.0
- name: elastalert
  repository: https://helm.codesim.com
  version: 1.5.2
digest: sha256:561dcab08979ff3ac2a209cf44be92543c359c62ac4da34b0014c9a27dd7a829
generated: "2020-06-09T14:13:10.40622+10:00"
