dependencies:
- name: mysql
  repository: https://kubernetes-charts.storage.googleapis.com
  version: 1.6.3
- name: redis
  repository: https://charts.bitnami.com/bitnami
  version: 10.6.13
- name: elasticsearch
  repository: https://helm.elastic.co
  version: 7.7.0
- name: kibana
  repository: https://helm.elastic.co
  version: 7.7.0
- name: filebeat
  repository: https://helm.elastic.co
  version: 7.7.0
digest: sha256:4b017598c212efb0b1b8aca446636c307247f991ec987f7d5ea2fc562a761219
generated: "2020-05-24T10:59:33.114181+10:00"
